
Microsoft Visual Studio Solution File, Format Version 12.00
# Visual Studio Version 16
VisualStudioVersion = 16.0.31729.503
MinimumVisualStudioVersion = 10.0.40219.1
Project("{FAE04EC0-301F-11D3-BF4B-00C04F79EFBC}") = "MeetingAppCore", "MeetingAppCore\MeetingAppCore.csproj", "{3F8C8A7E-4EF7-48F8-B10C-F4E9C916F260}"
EndProject
Global
	GlobalSection(SolutionConfigurationPlatforms) = preSolution
		Debug|Any CPU = Debug|Any CPU
		Release|Any CPU = Release|Any CPU
	EndGlobalSection
	GlobalSection(ProjectConfigurationPlatforms) = postSolution
		{3F8C8A7E-4EF7-48F8-B10C-F4E9C916F260}.Debug|Any CPU.ActiveCfg = Debug|Any CPU
		{3F8C8A7E-4EF7-48F8-B10C-F4E9C916F260}.Debug|Any CPU.Build.0 = Debug|Any CPU
		{3F8C8A7E-4EF7-48F8-B10C-F4E9C916F260}.Release|Any CPU.ActiveCfg = Release|Any CPU
		{3F8C8A7E-4EF7-48F8-B10C-F4E9C916F260}.Release|Any CPU.Build.0 = Release|Any CPU
	EndGlobalSection
	GlobalSection(SolutionProperties) = preSolution
		HideSolutionNode = FALSE
	EndGlobalSection
	GlobalSection(ExtensibilityGlobals) = postSolution
		SolutionGuid = {8F084C1F-AF9D-4B1F-99A6-199C6EA1EA98}
	EndGlobalSection
EndGlobal
